// !$*UTF8*$!
{
	archiveVersion = 1;
	classes = {
	};
	objectVersion = 50;
	objects = {

/* Begin PBXBuildFile section */
		45280F1020D8622200361296 /* MapViewController.swift in Sources */ = {isa = PBXBuildFile; fileRef = 45280F0F20D8622200361296 /* MapViewController.swift */; };
		45280F1120D862CC00361296 /* MapKit.framework in Frameworks */ = {isa = PBXBuildFile; fileRef = 45280F0D20D859FF00361296 /* MapKit.framework */; };
		45280F1320D877EB00361296 /* WebViewController.swift in Sources */ = {isa = PBXBuildFile; fileRef = 45280F1220D877EB00361296 /* WebViewController.swift */; };
		45280F1A20D9951300361296 /* Localizable.strings in Resources */ = {isa = PBXBuildFile; fileRef = 45280F1C20D9951300361296 /* Localizable.strings */; };
		45D1ECB920D81F9C00A5C7C5 /* AppDelegate.swift in Sources */ = {isa = PBXBuildFile; fileRef = 45D1ECB820D81F9C00A5C7C5 /* AppDelegate.swift */; };
		45D1ECBE20D81F9C00A5C7C5 /* Main.storyboard in Resources */ = {isa = PBXBuildFile; fileRef = 45D1ECBC20D81F9C00A5C7C5 /* Main.storyboard */; };
		45D1ECC020D81F9F00A5C7C5 /* Assets.xcassets in Resources */ = {isa = PBXBuildFile; fileRef = 45D1ECBF20D81F9F00A5C7C5 /* Assets.xcassets */; };
		45D1ECC320D81F9F00A5C7C5 /* LaunchScreen.storyboard in Resources */ = {isa = PBXBuildFile; fileRef = 45D1ECC120D81F9F00A5C7C5 /* LaunchScreen.storyboard */; };
		45D1ECCB20D8235600A5C7C5 /* ConversionViewController.swift in Sources */ = {isa = PBXBuildFile; fileRef = 45D1ECCA20D8235600A5C7C5 /* ConversionViewController.swift */; };
/* End PBXBuildFile section */

/* Begin PBXFileReference section */
		45280F0D20D859FF00361296 /* MapKit.framework */ = {isa = PBXFileReference; lastKnownFileType = wrapper.framework; name = MapKit.framework; path = System/Library/Frameworks/MapKit.framework; sourceTree = SDKROOT; };
		45280F0F20D8622200361296 /* MapViewController.swift */ = {isa = PBXFileReference; lastKnownFileType = sourcecode.swift; path = MapViewController.swift; sourceTree = "<group>"; };
		45280F1220D877EB00361296 /* WebViewController.swift */ = {isa = PBXFileReference; lastKnownFileType = sourcecode.swift; path = WebViewController.swift; sourceTree = "<group>"; };
		45280F1520D98ABB00361296 /* en */ = {isa = PBXFileReference; lastKnownFileType = text.plist.strings; name = en; path = en.lproj/Main.strings; sourceTree = "<group>"; };
		45280F1720D98C8000361296 /* es */ = {isa = PBXFileReference; lastKnownFileType = text.plist.strings; name = es; path = es.lproj/Main.strings; sourceTree = "<group>"; };
		45280F1B20D9951300361296 /* en */ = {isa = PBXFileReference; lastKnownFileType = text.plist.strings; name = en; path = en.lproj/Localizable.strings; sourceTree = "<group>"; };
		45280F1D20D9951700361296 /* es */ = {isa = PBXFileReference; lastKnownFileType = text.plist.strings; name = es; path = es.lproj/Localizable.strings; sourceTree = "<group>"; };
		45D1ECB520D81F9C00A5C7C5 /* World Trotter.app */ = {isa = PBXFileReference; explicitFileType = wrapper.application; includeInIndex = 0; path = "World Trotter.app"; sourceTree = BUILT_PRODUCTS_DIR; };
		45D1ECB820D81F9C00A5C7C5 /* AppDelegate.swift */ = {isa = PBXFileReference; lastKnownFileType = sourcecode.swift; path = AppDelegate.swift; sourceTree = "<group>"; };
		45D1ECBD20D81F9C00A5C7C5 /* Base */ = {isa = PBXFileReference; lastKnownFileType = file.storyboard; name = Base; path = Base.lproj/Main.storyboard; sourceTree = "<group>"; };
		45D1ECBF20D81F9F00A5C7C5 /* Assets.xcassets */ = {isa = PBXFileReference; lastKnownFileType = folder.assetcatalog; path = Assets.xcassets; sourceTree = "<group>"; };
		45D1ECC220D81F9F00A5C7C5 /* Base */ = {isa = PBXFileReference; lastKnownFileType = file.storyboard; name = Base; path = Base.lproj/LaunchScreen.storyboard; sourceTree = "<group>"; };
		45D1ECC420D81F9F00A5C7C5 /* Info.plist */ = {isa = PBXFileReference; lastKnownFileType = text.plist.xml; path = Info.plist; sourceTree = "<group>"; };
		45D1ECCA20D8235600A5C7C5 /* ConversionViewController.swift */ = {isa = PBXFileReference; lastKnownFileType = sourcecode.swift; path = ConversionViewController.swift; sourceTree = "<group>"; };
/* End PBXFileReference section */

/* Begin PBXFrameworksBuildPhase section */
		45D1ECB220D81F9C00A5C7C5 /* Frameworks */ = {
			isa = PBXFrameworksBuildPhase;
			buildActionMask = 2147483647;
			files = (
				45280F1120D862CC00361296 /* MapKit.framework in Frameworks */,
			);
			runOnlyForDeploymentPostprocessing = 0;
		};
/* End PBXFrameworksBuildPhase section */

/* Begin PBXGroup section */
		45280F0C20D859FF00361296 /* Frameworks */ = {
			isa = PBXGroup;
			children = (
				45280F0D20D859FF00361296 /* MapKit.framework */,
			);
			name = Frameworks;
			sourceTree = "<group>";
		};
		45D1ECAC20D81F9C00A5C7C5 = {
			isa = PBXGroup;
			children = (
				45280F1C20D9951300361296 /* Localizable.strings */,
				45D1ECB720D81F9C00A5C7C5 /* World Trotter */,
				45D1ECB620D81F9C00A5C7C5 /* Products */,
				45280F0C20D859FF00361296 /* Frameworks */,
			);
			sourceTree = "<group>";
		};
		45D1ECB620D81F9C00A5C7C5 /* Products */ = {
			isa = PBXGroup;
			children = (
				45D1ECB520D81F9C00A5C7C5 /* World Trotter.app */,
			);
			name = Products;
			sourceTree = "<group>";
		};
		45D1ECB720D81F9C00A5C7C5 /* World Trotter */ = {
			isa = PBXGroup;
			children = (
				45D1ECCA20D8235600A5C7C5 /* ConversionViewController.swift */,
				45D1ECB820D81F9C00A5C7C5 /* AppDelegate.swift */,
				45D1ECBC20D81F9C00A5C7C5 /* Main.storyboard */,
				45280F0F20D8622200361296 /* MapViewController.swift */,
				45D1ECBF20D81F9F00A5C7C5 /* Assets.xcassets */,
				45D1ECC120D81F9F00A5C7C5 /* LaunchScreen.storyboard */,
				45D1ECC420D81F9F00A5C7C5 /* Info.plist */,
				45280F1220D877EB00361296 /* WebViewController.swift */,
			);
			path = "World Trotter";
			sourceTree = "<group>";
		};
/* End PBXGroup section */

/* Begin PBXNativeTarget section */
		45D1ECB420D81F9C00A5C7C5 /* World Trotter */ = {
			isa = PBXNativeTarget;
			buildConfigurationList = 45D1ECC720D81F9F00A5C7C5 /* Build configuration list for PBXNativeTarget "World Trotter" */;
			buildPhases = (
				45D1ECB120D81F9C00A5C7C5 /* Sources */,
				45D1ECB220D81F9C00A5C7C5 /* Frameworks */,
				45D1ECB320D81F9C00A5C7C5 /* Resources */,
			);
			buildRules = (
			);
			dependencies = (
			);
			name = "World Trotter";
			productName = "World Trotter";
			productReference = 45D1ECB520D81F9C00A5C7C5 /* World Trotter.app */;
			productType = "com.apple.product-type.application";
		};
/* End PBXNativeTarget section */

/* Begin PBXProject section */
		45D1ECAD20D81F9C00A5C7C5 /* Project object */ = {
			isa = PBXProject;
			attributes = {
				LastSwiftUpdateCheck = 0940;
				LastUpgradeCheck = 0940;
				ORGANIZATIONNAME = "Gina Sprint";
				TargetAttributes = {
					45D1ECB420D81F9C00A5C7C5 = {
						CreatedOnToolsVersion = 9.4;
					};
				};
			};
			buildConfigurationList = 45D1ECB020D81F9C00A5C7C5 /* Build configuration list for PBXProject "World Trotter" */;
			compatibilityVersion = "Xcode 9.3";
			developmentRegion = en;
			hasScannedForEncodings = 0;
			knownRegions = (
				en,
				Base,
				es,
			);
			mainGroup = 45D1ECAC20D81F9C00A5C7C5;
			productRefGroup = 45D1ECB620D81F9C00A5C7C5 /* Products */;
			projectDirPath = "";
			projectRoot = "";
			targets = (
				45D1ECB420D81F9C00A5C7C5 /* World Trotter */,
			);
		};
/* End PBXProject section */

/* Begin PBXResourcesBuildPhase section */
		45D1ECB320D81F9C00A5C7C5 /* Resources */ = {
			isa = PBXResourcesBuildPhase;
			buildActionMask = 2147483647;
			files = (
				45D1ECC320D81F9F00A5C7C5 /* LaunchScreen.storyboard in Resources */,
				45280F1A20D9951300361296 /* Localizable.strings in Resources */,
				45D1ECC020D81F9F00A5C7C5 /* Assets.xcassets in Resources */,
				45D1ECBE20D81F9C00A5C7C5 /* Main.storyboard in Resources */,
			);
			runOnlyForDeploymentPostprocessing = 0;
		};
/* End PBXResourcesBuildPhase section */

/* Begin PBXSourcesBuildPhase section */
		45D1ECB120D81F9C00A5C7C5 /* Sources */ = {
			isa = PBXSourcesBuildPhase;
			buildActionMask = 2147483647;
			files = (
				45D1ECCB20D8235600A5C7C5 /* ConversionViewController.swift in Sources */,
				45280F1020D8622200361296 /* MapViewController.swift in Sources */,
				45D1ECB920D81F9C00A5C7C5 /* AppDelegate.swift in Sources */,
				45280F1320D877EB00361296 /* WebViewController.swift in Sources */,
			);
			runOnlyForDeploymentPostprocessing = 0;
		};
/* End PBXSourcesBuildPhase section */

/* Begin PBXVariantGroup section */
		45280F1C20D9951300361296 /* Localizable.strings */ = {
			isa = PBXVariantGroup;
			children = (
				45280F1B20D9951300361296 /* en */,
				45280F1D20D9951700361296 /* es */,
			);
			name = Localizable.strings;
			sourceTree = "<group>";
		};
		45D1ECBC20D81F9C00A5C7C5 /* Main.storyboard */ = {
			isa = PBXVariantGroup;
			children = (
				45D1ECBD20D81F9C00A5C7C5 /* Base */,
				45280F1520D98ABB00361296 /* en */,
				45280F1720D98C8000361296 /* es */,
			);
			name = Main.storyboard;
			sourceTree = "<group>";
		};
		45D1ECC120D81F9F00A5C7C5 /* LaunchScreen.storyboard */ = {
			isa = PBXVariantGroup;
			children = (
				45D1ECC220D81F9F00A5C7C5 /* Base */,
			);
			name = LaunchScreen.storyboard;
			sourceTree = "<group>";
		};
/* End PBXVariantGroup section */

/* Begin XCBuildConfiguration section */
		45D1ECC520D81F9F00A5C7C5 /* Debug */ = {
			isa = XCBuildConfiguration;
			buildSettings = {
				ALWAYS_SEARCH_USER_PATHS = NO;
				CLANG_ANALYZER_LOCALIZABILITY_NONLOCALIZED = YES;
				CLANG_ANALYZER_NONNULL = YES;
				CLANG_ANALYZER_NUMBER_OBJECT_CONVERSION = YES_AGGRESSIVE;
				CLANG_CXX_LANGUAGE_STANDARD = "gnu++14";
				CLANG_CXX_LIBRARY = "libc++";
				CLANG_ENABLE_MODULES = YES;
				CLANG_ENABLE_OBJC_ARC = YES;
				CLANG_ENABLE_OBJC_WEAK = YES;
				CLANG_WARN_BLOCK_CAPTURE_AUTORELEASING = YES;
				CLANG_WARN_BOOL_CONVERSION = YES;
				CLANG_WARN_COMMA = YES;
				CLANG_WARN_CONSTANT_CONVERSION = YES;
				CLANG_WARN_DEPRECATED_OBJC_IMPLEMENTATIONS = YES;
				CLANG_WARN_DIRECT_OBJC_ISA_USAGE = YES_ERROR;
				CLANG_WARN_DOCUMENTATION_COMMENTS = YES;
				CLANG_WARN_EMPTY_BODY = YES;
				CLANG_WARN_ENUM_CONVERSION = YES;
				CLANG_WARN_INFINITE_RECURSION = YES;
				CLANG_WARN_INT_CONVERSION = YES;
				CLANG_WARN_NON_LITERAL_NULL_CONVERSION = YES;
				CLANG_WARN_OBJC_IMPLICIT_RETAIN_SELF = YES;
				CLANG_WARN_OBJC_LITERAL_CONVERSION = YES;
				CLANG_WARN_OBJC_ROOT_CLASS = YES_ERROR;
				CLANG_WARN_RANGE_LOOP_ANALYSIS = YES;
				CLANG_WARN_STRICT_PROTOTYPES = YES;
				CLANG_WARN_SUSPICIOUS_MOVE = YES;
				CLANG_WARN_UNGUARDED_AVAILABILITY = YES_AGGRESSIVE;
				CLANG_WARN_UNREACHABLE_CODE = YES;
				CLANG_WARN__DUPLICATE_METHOD_MATCH = YES;
				CODE_SIGN_IDENTITY = "iPhone Developer";
				COPY_PHASE_STRIP = NO;
				DEBUG_INFORMATION_FORMAT = dwarf;
				ENABLE_STRICT_OBJC_MSGSEND = YES;
				ENABLE_TESTABILITY = YES;
				GCC_C_LANGUAGE_STANDARD = gnu11;
				GCC_DYNAMIC_NO_PIC = NO;
				GCC_NO_COMMON_BLOCKS = YES;
				GCC_OPTIMIZATION_LEVEL = 0;
				GCC_PREPROCESSOR_DEFINITIONS = (
					"DEBUG=1",
					"$(inherited)",
				);
				GCC_WARN_64_TO_32_BIT_CONVERSION = YES;
				GCC_WARN_ABOUT_RETURN_TYPE = YES_ERROR;
				GCC_WARN_UNDECLARED_SELECTOR = YES;
				GCC_WARN_UNINITIALIZED_AUTOS = YES_AGGRESSIVE;
				GCC_WARN_UNUSED_FUNCTION = YES;
				GCC_WARN_UNUSED_VARIABLE = YES;
				IPHONEOS_DEPLOYMENT_TARGET = 11.4;
				MTL_ENABLE_DEBUG_INFO = YES;
				ONLY_ACTIVE_ARCH = YES;
				SDKROOT = iphoneos;
				SWIFT_ACTIVE_COMPILATION_CONDITIONS = DEBUG;
				SWIFT_OPTIMIZATION_LEVEL = "-Onone";
			};
			name = Debug;
		};
		45D1ECC620D81F9F00A5C7C5 /* Release */ = {
			isa = XCBuildConfiguration;
			buildSettings = {
				ALWAYS_SEARCH_USER_PATHS = NO;
				CLANG_ANALYZER_LOCALIZABILITY_NONLOCALIZED = YES;
				CLANG_ANALYZER_NONNULL = YES;
				CLANG_ANALYZER_NUMBER_OBJECT_CONVERSION = YES_AGGRESSIVE;
				CLANG_CXX_LANGUAGE_STANDARD = "gnu++14";
				CLANG_CXX_LIBRARY = "libc++";
				CLANG_ENABLE_MODULES = YES;
				CLANG_ENABLE_OBJC_ARC = YES;
				CLANG_ENABLE_OBJC_WEAK = YES;
				CLANG_WARN_BLOCK_CAPTURE_AUTORELEASING = YES;
				CLANG_WARN_BOOL_CONVERSION = YES;
				CLANG_WARN_COMMA = YES;
				CLANG_WARN_CONSTANT_CONVERSION = YES;
				CLANG_WARN_DEPRECATED_OBJC_IMPLEMENTATIONS = YES;
				CLANG_WARN_DIRECT_OBJC_ISA_USAGE = YES_ERROR;
				CLANG_WARN_DOCUMENTATION_COMMENTS = YES;
				CLANG_WARN_EMPTY_BODY = YES;
				CLANG_WARN_ENUM_CONVERSION = YES;
				CLANG_WARN_INFINITE_RECURSION = YES;
				CLANG_WARN_INT_CONVERSION = YES;
				CLANG_WARN_NON_LITERAL_NULL_CONVERSION = YES;
				CLANG_WARN_OBJC_IMPLICIT_RETAIN_SELF = YES;
				CLANG_WARN_OBJC_LITERAL_CONVERSION = YES;
				CLANG_WARN_OBJC_ROOT_CLASS = YES_ERROR;
				CLANG_WARN_RANGE_LOOP_ANALYSIS = YES;
				CLANG_WARN_STRICT_PROTOTYPES = YES;
				CLANG_WARN_SUSPICIOUS_MOVE = YES;
				CLANG_WARN_UNGUARDED_AVAILABILITY = YES_AGGRESSIVE;
				CLANG_WARN_UNREACHABLE_CODE = YES;
				CLANG_WARN__DUPLICATE_METHOD_MATCH = YES;
				CODE_SIGN_IDENTITY = "iPhone Developer";
				COPY_PHASE_STRIP = NO;
				DEBUG_INFORMATION_FORMAT = "dwarf-with-dsym";
				ENABLE_NS_ASSERTIONS = NO;
				ENABLE_STRICT_OBJC_MSGSEND = YES;
				GCC_C_LANGUAGE_STANDARD = gnu11;
				GCC_NO_COMMON_BLOCKS = YES;
				GCC_WARN_64_TO_32_BIT_CONVERSION = YES;
				GCC_WARN_ABOUT_RETURN_TYPE = YES_ERROR;
				GCC_WARN_UNDECLARED_SELECTOR = YES;
				GCC_WARN_UNINITIALIZED_AUTOS = YES_AGGRESSIVE;
				GCC_WARN_UNUSED_FUNCTION = YES;
				GCC_WARN_UNUSED_VARIABLE = YES;
				IPHONEOS_DEPLOYMENT_TARGET = 11.4;
				MTL_ENABLE_DEBUG_INFO = NO;
				SDKROOT = iphoneos;
				SWIFT_COMPILATION_MODE = wholemodule;
				SWIFT_OPTIMIZATION_LEVEL = "-O";
				VALIDATE_PRODUCT = YES;
			};
			name = Release;
		};
		45D1ECC820D81F9F00A5C7C5 /* Debug */ = {
			isa = XCBuildConfiguration;
			buildSettings = {
				ASSETCATALOG_COMPILER_APPICON_NAME = AppIcon;
				CODE_SIGN_STYLE = Automatic;
				DEVELOPMENT_TEAM = GUYPJD4NUE;
				INFOPLIST_FILE = "World Trotter/Info.plist";
				LD_RUNPATH_SEARCH_PATHS = (
					"$(inherited)",
					"@executable_path/Frameworks",
				);
				PRODUCT_BUNDLE_IDENTIFIER = "com.ginasprint.World-Trotter";
				PRODUCT_NAME = "$(TARGET_NAME)";
				SWIFT_VERSION = 4.0;
				TARGETED_DEVICE_FAMILY = "1,2";
			};
			name = Debug;
		};
		45D1ECC920D81F9F00A5C7C5 /* Release */ = {
			isa = XCBuildConfiguration;
			buildSettings = {
				ASSETCATALOG_COMPILER_APPICON_NAME = AppIcon;
				CODE_SIGN_STYLE = Automatic;
				DEVELOPMENT_TEAM = GUYPJD4NUE;
				INFOPLIST_FILE = "World Trotter/Info.plist";
				LD_RUNPATH_SEARCH_PATHS = (
					"$(inherited)",
					"@executable_path/Frameworks",
				);
				PRODUCT_BUNDLE_IDENTIFIER = "com.ginasprint.World-Trotter";
				PRODUCT_NAME = "$(TARGET_NAME)";
				SWIFT_VERSION = 4.0;
				TARGETED_DEVICE_FAMILY = "1,2";
			};
			name = Release;
		};
/* End XCBuildConfiguration section */

/* Begin XCConfigurationList section */
		45D1ECB020D81F9C00A5C7C5 /* Build configuration list for PBXProject "World Trotter" */ = {
			isa = XCConfigurationList;
			buildConfigurations = (
				45D1ECC520D81F9F00A5C7C5 /* Debug */,
				45D1ECC620D81F9F00A5C7C5 /* Release */,
			);
			defaultConfigurationIsVisible = 0;
			defaultConfigurationName = Release;
		};
		45D1ECC720D81F9F00A5C7C5 /* Build configuration list for PBXNativeTarget "World Trotter" */ = {
			isa = XCConfigurationList;
			buildConfigurations = (
				45D1ECC820D81F9F00A5C7C5 /* Debug */,
				45D1ECC920D81F9F00A5C7C5 /* Release */,
			);
			defaultConfigurationIsVisible = 0;
			defaultConfigurationName = Release;
		};
/* End XCConfigurationList section */
	};
	rootObject = 45D1ECAD20D81F9C00A5C7C5 /* Project object */;
}
